
Microsoft Visual Studio Solution File, Format Version 12.00
# Visual Studio Version 16
VisualStudioVersion = 16.0.31205.134
MinimumVisualStudioVersion = 10.0.40219.1
Project("{FAE04EC0-301F-11D3-BF4B-00C04F79EFBC}") = "laserCore.Ilda.Net", "ILDA.Net\laserCore.Ilda.Net.csproj", "{8BA79FCB-4908-4B5B-BB52-4A04A4FB10C1}"
EndProject
Global
	GlobalSection(SolutionConfigurationPlatforms) = preSolution
		Debug|Any CPU = Debug|Any CPU
		Release|Any CPU = Release|Any CPU
	EndGlobalSection
	GlobalSection(ProjectConfigurationPlatforms) = postSolution
		{8BA79FCB-4908-4B5B-BB52-4A04A4FB10C1}.Debug|Any CPU.ActiveCfg = Debug|Any CPU
		{8BA79FCB-4908-4B5B-BB52-4A04A4FB10C1}.Debug|Any CPU.Build.0 = Debug|Any CPU
		{8BA79FCB-4908-4B5B-BB52-4A04A4FB10C1}.Release|Any CPU.ActiveCfg = Release|Any CPU
		{8BA79FCB-4908-4B5B-BB52-4A04A4FB10C1}.Release|Any CPU.Build.0 = Release|Any CPU
	EndGlobalSection
	GlobalSection(SolutionProperties) = preSolution
		HideSolutionNode = FALSE
	EndGlobalSection
	GlobalSection(ExtensibilityGlobals) = postSolution
		SolutionGuid = {AC9AA22E-7982-48BA-96A3-E429B05D0D4B}
	EndGlobalSection
EndGlobal
